
Microsoft Visual Studio Solution File, Format Version 12.00
# Visual Studio Version 17
VisualStudioVersion = 17.3.32901.215
MinimumVisualStudioVersion = 10.0.40219.1
Project("{FAE04EC0-301F-11D3-BF4B-00C04F79EFBC}") = "HoraireDesktop", "HoraireDesktop\HoraireDesktop.csproj", "{8B4168F5-5CAB-4D18-90C9-1BE88705AED4}"
EndProject
Global
	GlobalSection(SolutionConfigurationPlatforms) = preSolution
		Debug|Any CPU = Debug|Any CPU
		Release|Any CPU = Release|Any CPU
	EndGlobalSection
	GlobalSection(ProjectConfigurationPlatforms) = postSolution
		{8B4168F5-5CAB-4D18-90C9-1BE88705AED4}.Debug|Any CPU.ActiveCfg = Debug|Any CPU
		{8B4168F5-5CAB-4D18-90C9-1BE88705AED4}.Debug|Any CPU.Build.0 = Debug|Any CPU
		{8B4168F5-5CAB-4D18-90C9-1BE88705AED4}.Release|Any CPU.ActiveCfg = Release|Any CPU
		{8B4168F5-5CAB-4D18-90C9-1BE88705AED4}.Release|Any CPU.Build.0 = Release|Any CPU
	EndGlobalSection
	GlobalSection(SolutionProperties) = preSolution
		HideSolutionNode = FALSE
	EndGlobalSection
	GlobalSection(ExtensibilityGlobals) = postSolution
		SolutionGuid = {386699D1-EBF1-4CC8-ACE7-6E50FDE2BA6C}
	EndGlobalSection
EndGlobal
